
Microsoft Visual Studio Solution File, Format Version 12.00
# Visual Studio Version 17
VisualStudioVersion = 17.9.34902.65
MinimumVisualStudioVersion = 10.0.40219.1
Project("{FAE04EC0-301F-11D3-BF4B-00C04F79EFBC}") = "Construtores", "Construtores\Construtores.csproj", "{685C3E45-C14A-48FA-9EF1-9EF8E40E57BA}"
EndProject
Global
	GlobalSection(SolutionConfigurationPlatforms) = preSolution
		Debug|Any CPU = Debug|Any CPU
		Release|Any CPU = Release|Any CPU
	EndGlobalSection
	GlobalSection(ProjectConfigurationPlatforms) = postSolution
		{685C3E45-C14A-48FA-9EF1-9EF8E40E57BA}.Debug|Any CPU.ActiveCfg = Debug|Any CPU
		{685C3E45-C14A-48FA-9EF1-9EF8E40E57BA}.Debug|Any CPU.Build.0 = Debug|Any CPU
		{685C3E45-C14A-48FA-9EF1-9EF8E40E57BA}.Release|Any CPU.ActiveCfg = Release|Any CPU
		{685C3E45-C14A-48FA-9EF1-9EF8E40E57BA}.Release|Any CPU.Build.0 = Release|Any CPU
	EndGlobalSection
	GlobalSection(SolutionProperties) = preSolution
		HideSolutionNode = FALSE
	EndGlobalSection
	GlobalSection(ExtensibilityGlobals) = postSolution
		SolutionGuid = {7E35B2B5-C597-4D74-8936-914F9A8FC342}
	EndGlobalSection
EndGlobal
